
Microsoft Visual Studio Solution File, Format Version 12.00
# Visual Studio Version 16
VisualStudioVersion = 16.0.32510.428
MinimumVisualStudioVersion = 10.0.40219.1
Project("{FAE04EC0-301F-11D3-BF4B-00C04F79EFBC}") = "ParsingEnums", "ParsingEnums\ParsingEnums.csproj", "{FBF51E07-C0DB-4C10-AF92-524F3F6AED40}"
EndProject
Global
	GlobalSection(SolutionConfigurationPlatforms) = preSolution
		Debug|Any CPU = Debug|Any CPU
		Release|Any CPU = Release|Any CPU
	EndGlobalSection
	GlobalSection(ProjectConfigurationPlatforms) = postSolution
		{FBF51E07-C0DB-4C10-AF92-524F3F6AED40}.Debug|Any CPU.ActiveCfg = Debug|Any CPU
		{FBF51E07-C0DB-4C10-AF92-524F3F6AED40}.Debug|Any CPU.Build.0 = Debug|Any CPU
		{FBF51E07-C0DB-4C10-AF92-524F3F6AED40}.Release|Any CPU.ActiveCfg = Release|Any CPU
		{FBF51E07-C0DB-4C10-AF92-524F3F6AED40}.Release|Any CPU.Build.0 = Release|Any CPU
	EndGlobalSection
	GlobalSection(SolutionProperties) = preSolution
		HideSolutionNode = FALSE
	EndGlobalSection
	GlobalSection(ExtensibilityGlobals) = postSolution
		SolutionGuid = {FB189A45-5304-473D-85FB-4ED6EDE2315F}
	EndGlobalSection
EndGlobal
