
Microsoft Visual Studio Solution File, Format Version 12.00
# Visual Studio Version 16
VisualStudioVersion = 16.0.32510.428
MinimumVisualStudioVersion = 10.0.40219.1
Project("{FAE04EC0-301F-11D3-BF4B-00C04F79EFBC}") = "VoidMethod", "VoidMethod\VoidMethod.csproj", "{CD774298-0B73-4B05-8510-89D2452EF849}"
EndProject
Global
	GlobalSection(SolutionConfigurationPlatforms) = preSolution
		Debug|Any CPU = Debug|Any CPU
		Release|Any CPU = Release|Any CPU
	EndGlobalSection
	GlobalSection(ProjectConfigurationPlatforms) = postSolution
		{CD774298-0B73-4B05-8510-89D2452EF849}.Debug|Any CPU.ActiveCfg = Debug|Any CPU
		{CD774298-0B73-4B05-8510-89D2452EF849}.Debug|Any CPU.Build.0 = Debug|Any CPU
		{CD774298-0B73-4B05-8510-89D2452EF849}.Release|Any CPU.ActiveCfg = Release|Any CPU
		{CD774298-0B73-4B05-8510-89D2452EF849}.Release|Any CPU.Build.0 = Release|Any CPU
	EndGlobalSection
	GlobalSection(SolutionProperties) = preSolution
		HideSolutionNode = FALSE
	EndGlobalSection
	GlobalSection(ExtensibilityGlobals) = postSolution
		SolutionGuid = {39DCA16E-6A4C-40DF-ADE9-763F9D47AADE}
	EndGlobalSection
EndGlobal
