
Microsoft Visual Studio Solution File, Format Version 12.00
# Visual Studio Version 16
VisualStudioVersion = 16.0.32510.428
MinimumVisualStudioVersion = 10.0.40219.1
Project("{FAE04EC0-301F-11D3-BF4B-00C04F79EFBC}") = "Page285Submission", "Page285Submission\Page285Submission.csproj", "{BFBCFC62-95D6-4449-AA28-C13CA88BC569}"
EndProject
Global
	GlobalSection(SolutionConfigurationPlatforms) = preSolution
		Debug|Any CPU = Debug|Any CPU
		Release|Any CPU = Release|Any CPU
	EndGlobalSection
	GlobalSection(ProjectConfigurationPlatforms) = postSolution
		{BFBCFC62-95D6-4449-AA28-C13CA88BC569}.Debug|Any CPU.ActiveCfg = Debug|Any CPU
		{BFBCFC62-95D6-4449-AA28-C13CA88BC569}.Debug|Any CPU.Build.0 = Debug|Any CPU
		{BFBCFC62-95D6-4449-AA28-C13CA88BC569}.Release|Any CPU.ActiveCfg = Release|Any CPU
		{BFBCFC62-95D6-4449-AA28-C13CA88BC569}.Release|Any CPU.Build.0 = Release|Any CPU
	EndGlobalSection
	GlobalSection(SolutionProperties) = preSolution
		HideSolutionNode = FALSE
	EndGlobalSection
	GlobalSection(ExtensibilityGlobals) = postSolution
		SolutionGuid = {82384AF7-12FB-40CB-B93A-8B2384351B2D}
	EndGlobalSection
EndGlobal
