
Microsoft Visual Studio Solution File, Format Version 12.00
# Visual Studio Version 16
VisualStudioVersion = 16.0.32510.428
MinimumVisualStudioVersion = 10.0.40219.1
Project("{FAE04EC0-301F-11D3-BF4B-00C04F79EFBC}") = "MainMethod", "MainMethod\MainMethod.csproj", "{12BACA61-B7C6-4203-80E5-8317CA08DA09}"
EndProject
Global
	GlobalSection(SolutionConfigurationPlatforms) = preSolution
		Debug|Any CPU = Debug|Any CPU
		Release|Any CPU = Release|Any CPU
	EndGlobalSection
	GlobalSection(ProjectConfigurationPlatforms) = postSolution
		{12BACA61-B7C6-4203-80E5-8317CA08DA09}.Debug|Any CPU.ActiveCfg = Debug|Any CPU
		{12BACA61-B7C6-4203-80E5-8317CA08DA09}.Debug|Any CPU.Build.0 = Debug|Any CPU
		{12BACA61-B7C6-4203-80E5-8317CA08DA09}.Release|Any CPU.ActiveCfg = Release|Any CPU
		{12BACA61-B7C6-4203-80E5-8317CA08DA09}.Release|Any CPU.Build.0 = Release|Any CPU
	EndGlobalSection
	GlobalSection(SolutionProperties) = preSolution
		HideSolutionNode = FALSE
	EndGlobalSection
	GlobalSection(ExtensibilityGlobals) = postSolution
		SolutionGuid = {9B168257-54A7-4B62-955F-F5E60E7A6500}
	EndGlobalSection
EndGlobal
