
Microsoft Visual Studio Solution File, Format Version 12.00
# Visual Studio Version 16
VisualStudioVersion = 16.0.32602.291
MinimumVisualStudioVersion = 10.0.40219.1
Project("{FAE04EC0-301F-11D3-BF4B-00C04F79EFBC}") = "FinalChallengeStudentDatabase", "FinalChallengeStudentDatabase\FinalChallengeStudentDatabase.csproj", "{8B693B63-C516-4A75-96ED-F71336D85DEF}"
EndProject
Global
	GlobalSection(SolutionConfigurationPlatforms) = preSolution
		Debug|Any CPU = Debug|Any CPU
		Release|Any CPU = Release|Any CPU
	EndGlobalSection
	GlobalSection(ProjectConfigurationPlatforms) = postSolution
		{8B693B63-C516-4A75-96ED-F71336D85DEF}.Debug|Any CPU.ActiveCfg = Debug|Any CPU
		{8B693B63-C516-4A75-96ED-F71336D85DEF}.Debug|Any CPU.Build.0 = Debug|Any CPU
		{8B693B63-C516-4A75-96ED-F71336D85DEF}.Release|Any CPU.ActiveCfg = Release|Any CPU
		{8B693B63-C516-4A75-96ED-F71336D85DEF}.Release|Any CPU.Build.0 = Release|Any CPU
	EndGlobalSection
	GlobalSection(SolutionProperties) = preSolution
		HideSolutionNode = FALSE
	EndGlobalSection
	GlobalSection(ExtensibilityGlobals) = postSolution
		SolutionGuid = {4552E6C5-C109-4D58-B3E1-C21D973816DE}
	EndGlobalSection
EndGlobal
